
Microsoft Visual Studio Solution File, Format Version 12.00
# Visual Studio Version 17
VisualStudioVersion = 17.8.34511.84
MinimumVisualStudioVersion = 10.0.40219.1
Project("{FAE04EC0-301F-11D3-BF4B-00C04F79EFBC}") = "Polymorphism_DelaCruzCornel", "Polymorphism_DelaCruzCornel.csproj", "{583BA7D4-9233-42E8-AFFA-4F0FF4D1CBEB}"
EndProject
Global
	GlobalSection(SolutionConfigurationPlatforms) = preSolution
		Debug|Any CPU = Debug|Any CPU
		Release|Any CPU = Release|Any CPU
	EndGlobalSection
	GlobalSection(ProjectConfigurationPlatforms) = postSolution
		{583BA7D4-9233-42E8-AFFA-4F0FF4D1CBEB}.Debug|Any CPU.ActiveCfg = Debug|Any CPU
		{583BA7D4-9233-42E8-AFFA-4F0FF4D1CBEB}.Debug|Any CPU.Build.0 = Debug|Any CPU
		{583BA7D4-9233-42E8-AFFA-4F0FF4D1CBEB}.Release|Any CPU.ActiveCfg = Release|Any CPU
		{583BA7D4-9233-42E8-AFFA-4F0FF4D1CBEB}.Release|Any CPU.Build.0 = Release|Any CPU
	EndGlobalSection
	GlobalSection(SolutionProperties) = preSolution
		HideSolutionNode = FALSE
	EndGlobalSection
	GlobalSection(ExtensibilityGlobals) = postSolution
		SolutionGuid = {206245CB-71B3-4A9F-9AAC-A5EA7D35A070}
	EndGlobalSection
EndGlobal
